<?xml version="1.0" encoding="utf-8"?>
<Project ToolsVersion="4.0" xmlns="http://schemas.microsoft.com/developer/msbuild/2003">
  <ItemGroup>
    <Filter Include="Archivos de origen">
      <UniqueIdentifier>{4FC737F1-C7A5-4376-A066-2A32D752A2FF}</UniqueIdentifier>
      <Extensions>cpp;c;cc;cxx;c++;cppm;ixx;def;odl;idl;hpj;bat;asm;asmx</Extensions>
    </Filter>
    <Filter Include="Archivos de encabezado">
      <UniqueIdentifier>{93995380-89BD-4b04-88EB-625FBE52EBFB}</UniqueIdentifier>
      <Extensions>h;hh;hpp;hxx;h++;hm;inl;inc;ipp;xsd</Extensions>
    </Filter>
    <Filter Include="Archivos de recursos">
      <UniqueIdentifier>{67DA6AB6-F800-4c08-8B7A-83BB121AAD01}</UniqueIdentifier>
      <Extensions>rc;ico;cur;bmp;dlg;rc2;rct;bin;rgs;gif;jpg;jpeg;jpe;resx;tiff;tif;png;wav;mfcribbon-ms</Extensions>
    </Filter>
    <Filter Include="Archivos de encabezado\Layer">
      <UniqueIdentifier>{b40d5f63-5e9a-4569-ac37-d5ee04f32ae0}</UniqueIdentifier>
    </Filter>
    <Filter Include="Archivos de origen\Layer">
      <UniqueIdentifier>{b5b0bd3b-d93d-4e47-ac13-30beec5f7eb4}</UniqueIdentifier>
    </Filter>
    <Filter Include="Archivos de encabezado\GameObjects">
      <UniqueIdentifier>{1e5a4151-e013-48f6-8156-c85d8307beae}</UniqueIdentifier>
    </Filter>
    <Filter Include="Archivos de origen\GameObjects">
      <UniqueIdentifier>{2aee039c-1795-4a92-a193-d43214023113}</UniqueIdentifier>
    </Filter>
    <Filter Include="Archivos de encabezado\Item">
      <UniqueIdentifier>{d92decad-97e8-4f77-8666-64aeb71b9947}</UniqueIdentifier>
    </Filter>
    <Filter Include="Archivos de origen\Item">
      <UniqueIdentifier>{b63a3ebd-84a2-4142-88a7-736fb36fcded}</UniqueIdentifier>
    </Filter>
    <Filter Include="Archivos de encabezado\Managers">
      <UniqueIdentifier>{3effd37e-47f2-420f-afc9-6b500faece60}</UniqueIdentifier>
    </Filter>
    <Filter Include="Archivos de origen\Managers">
      <UniqueIdentifier>{4f85f250-ba18-4874-92c6-7e1714152231}</UniqueIdentifier>
    </Filter>
    <Filter Include="Archivos de origen\Buildings">
      <UniqueIdentifier>{6fad088b-03ec-4cac-9669-ab6d2a5a379c}</UniqueIdentifier>
    </Filter>
    <Filter Include="Archivos de encabezado\Buildings">
      <UniqueIdentifier>{5a95674e-b40b-4bb8-85bc-2117c7a5877a}</UniqueIdentifier>
    </Filter>
    <Filter Include="Archivos de origen\GameObjects\Tile">
      <UniqueIdentifier>{b3314ff2-434a-46bb-a215-6833a612734e}</UniqueIdentifier>
    </Filter>
    <Filter Include="Archivos de origen\GameObjects\Pointers">
      <UniqueIdentifier>{f3e9053f-2834-4a11-8e2f-165ee19277f0}</UniqueIdentifier>
    </Filter>
    <Filter Include="Archivos de encabezado\GameObjects\Tile">
      <UniqueIdentifier>{a5fdfb46-a923-476b-95bd-1a07a8ac1f6e}</UniqueIdentifier>
    </Filter>
    <Filter Include="Archivos de encabezado\GameObjects\Pointers">
      <UniqueIdentifier>{4bb3950d-b92c-4c58-b7bd-326eca2b8249}</UniqueIdentifier>
    </Filter>
  </ItemGroup>
  <ItemGroup>
    <ClInclude Include="Game.h">
      <Filter>Archivos de encabezado</Filter>
    </ClInclude>
    <ClInclude Include="Layer.h">
      <Filter>Archivos de encabezado\Layer</Filter>
    </ClInclude>
    <ClInclude Include="GameLayer.h">
      <Filter>Archivos de encabezado\Layer</Filter>
    </ClInclude>
    <ClInclude Include="Audio.h">
      <Filter>Archivos de encabezado</Filter>
    </ClInclude>
    <ClInclude Include="GameObject.h">
      <Filter>Archivos de encabezado\GameObjects</Filter>
    </ClInclude>
    <ClInclude Include="Text.h">
      <Filter>Archivos de encabezado\GameObjects</Filter>
    </ClInclude>
    <ClInclude Include="MainMenuLayer.h">
      <Filter>Archivos de encabezado\Layer</Filter>
    </ClInclude>
    <ClInclude Include="Background.h">
      <Filter>Archivos de encabezado\GameObjects</Filter>
    </ClInclude>
    <ClInclude Include="Logger.h">
      <Filter>Archivos de encabezado</Filter>
    </ClInclude>
    <ClInclude Include="StoryLayer.h">
      <Filter>Archivos de encabezado\Layer</Filter>
    </ClInclude>
    <ClInclude Include="BoatUI.h">
      <Filter>Archivos de encabezado</Filter>
    </ClInclude>
    <ClInclude Include="Item.h">
      <Filter>Archivos de encabezado\Item</Filter>
    </ClInclude>
    <ClInclude Include="Tile.h">
      <Filter>Archivos de encabezado\GameObjects\Tile</Filter>
    </ClInclude>
    <ClInclude Include="RustyFloor.h">
      <Filter>Archivos de encabezado\GameObjects\Tile</Filter>
    </ClInclude>
    <ClInclude Include="TileImageNotFound.h">
      <Filter>Archivos de encabezado\GameObjects\Tile</Filter>
    </ClInclude>
    <ClInclude Include="EmptyTile.h">
      <Filter>Archivos de encabezado\GameObjects\Tile</Filter>
    </ClInclude>
    <ClInclude Include="Player.h">
      <Filter>Archivos de encabezado\GameObjects</Filter>
    </ClInclude>
    <ClInclude Include="PlayerManager.h">
      <Filter>Archivos de encabezado\Managers</Filter>
    </ClInclude>
    <ClInclude Include="FileManager.h">
      <Filter>Archivos de encabezado\Managers</Filter>
    </ClInclude>
    <ClInclude Include="CollisionController.h">
      <Filter>Archivos de encabezado\Managers</Filter>
    </ClInclude>
    <ClInclude Include="TilePlacingPointer.h">
      <Filter>Archivos de encabezado\GameObjects\Pointers</Filter>
    </ClInclude>
    <ClInclude Include="BuildingPlacingPointer.h">
      <Filter>Archivos de encabezado\GameObjects\Pointers</Filter>
    </ClInclude>
    <ClInclude Include="Pointer.h">
      <Filter>Archivos de encabezado\GameObjects\Pointers</Filter>
    </ClInclude>
    <ClInclude Include="Building.h">
      <Filter>Archivos de encabezado\Buildings</Filter>
    </ClInclude>
    <ClInclude Include="ShipManager.h">
      <Filter>Archivos de encabezado\Managers</Filter>
    </ClInclude>
    <ClInclude Include="AncientFloor.h">
      <Filter>Archivos de encabezado\GameObjects\Tile</Filter>
    </ClInclude>
    <ClInclude Include="TileRemovePointer.h">
      <Filter>Archivos de encabezado\GameObjects\Pointers</Filter>
    </ClInclude>
    <ClInclude Include="BuildingRemovePointer.h">
      <Filter>Archivos de encabezado\GameObjects\Pointers</Filter>
    </ClInclude>
  </ItemGroup>
  <ItemGroup>
    <ClCompile Include="Game.cpp">
      <Filter>Archivos de origen</Filter>
    </ClCompile>
    <ClCompile Include="Layer.cpp">
      <Filter>Archivos de origen\Layer</Filter>
    </ClCompile>
    <ClCompile Include="GameLayer.cpp">
      <Filter>Archivos de origen\Layer</Filter>
    </ClCompile>
    <ClCompile Include="Audio.cpp">
      <Filter>Archivos de origen</Filter>
    </ClCompile>
    <ClCompile Include="GameObject.cpp">
      <Filter>Archivos de origen\GameObjects</Filter>
    </ClCompile>
    <ClCompile Include="Text.cpp">
      <Filter>Archivos de origen\GameObjects</Filter>
    </ClCompile>
    <ClCompile Include="Main.cpp">
      <Filter>Archivos de origen</Filter>
    </ClCompile>
    <ClCompile Include="MainMenuLayer.cpp">
      <Filter>Archivos de origen\Layer</Filter>
    </ClCompile>
    <ClCompile Include="Background.cpp">
      <Filter>Archivos de origen\GameObjects</Filter>
    </ClCompile>
    <ClCompile Include="Logger.cpp">
      <Filter>Archivos de origen</Filter>
    </ClCompile>
    <ClCompile Include="StoryLayer.cpp">
      <Filter>Archivos de origen\Layer</Filter>
    </ClCompile>
    <ClCompile Include="BoatUI.cpp">
      <Filter>Archivos de origen</Filter>
    </ClCompile>
    <ClCompile Include="Item.cpp">
      <Filter>Archivos de origen\Item</Filter>
    </ClCompile>
    <ClCompile Include="Tile.cpp">
      <Filter>Archivos de origen\GameObjects\Tile</Filter>
    </ClCompile>
    <ClCompile Include="RustyFloor.cpp">
      <Filter>Archivos de origen\GameObjects\Tile</Filter>
    </ClCompile>
    <ClCompile Include="TileImageNotFound.cpp">
      <Filter>Archivos de origen\GameObjects\Tile</Filter>
    </ClCompile>
    <ClCompile Include="EmptyTile.cpp">
      <Filter>Archivos de origen\GameObjects\Tile</Filter>
    </ClCompile>
    <ClCompile Include="Player.cpp">
      <Filter>Archivos de origen\GameObjects</Filter>
    </ClCompile>
    <ClCompile Include="CollisionController.cpp">
      <Filter>Archivos de origen\Managers</Filter>
    </ClCompile>
    <ClCompile Include="PlayerManager.cpp">
      <Filter>Archivos de origen\Managers</Filter>
    </ClCompile>
    <ClCompile Include="FileManager.cpp">
      <Filter>Archivos de origen\Managers</Filter>
    </ClCompile>
    <ClCompile Include="TilePlacingPointer.cpp">
      <Filter>Archivos de origen\GameObjects\Pointers</Filter>
    </ClCompile>
    <ClCompile Include="BuildingPlacingPointer.cpp">
      <Filter>Archivos de origen\GameObjects\Pointers</Filter>
    </ClCompile>
    <ClCompile Include="Pointer.cpp">
      <Filter>Archivos de origen\GameObjects\Pointers</Filter>
    </ClCompile>
    <ClCompile Include="ShipManager.cpp">
      <Filter>Archivos de origen\Managers</Filter>
    </ClCompile>
    <ClCompile Include="Building.cpp">
      <Filter>Archivos de origen\Buildings</Filter>
    </ClCompile>
    <ClCompile Include="AncientFloor.cpp">
      <Filter>Archivos de origen\GameObjects\Tile</Filter>
    </ClCompile>
    <ClCompile Include="TileRemovePointer.cpp">
      <Filter>Archivos de origen\GameObjects\Pointers</Filter>
    </ClCompile>
    <ClCompile Include="BuildingRemovePointer.cpp">
      <Filter>Archivos de origen\GameObjects\Pointers</Filter>
    </ClCompile>
  </ItemGroup>
  <ItemGroup>
    <Text Include="TODO.txt" />
  </ItemGroup>
</Project>